{
  "name": "tally-server",
  "version": "0.0.0",
  "lockfileVersion": 1,
  "requires": true,
  "dependencies": {
    "debug": {
      "version": "2.6.9",
      "resolved": "https://registry.npmjs.org/debug/-/debug-2.6.9.tgz",
      "integrity": "sha512-bC7ElrdJaJnPbAP+1EotYvqZsb3ecl5wi6Bfi6BJTUcNowp6cvspg0jXznRTKDjm/E7AdgFBVeAPVMNcKGsHMA==",
      "requires": {
        "ms": "2.0.0"
      }
    },
    "dgram": {
      "version": "1.0.1",
      "resolved": "https://registry.npmjs.org/dgram/-/dgram-1.0.1.tgz",
      "integrity": "sha1-N/OyAPgDOl/3WTAwicgc42G2UcM="
    },
    "events": {
      "version": "1.1.1",
      "resolved": "https://registry.npmjs.org/events/-/events-1.1.1.tgz",
      "integrity": "sha1-nr23Y1rQmccNzEwqH1AEKI6L2SQ="
    },
    "iecstruct": {
      "version": "0.0.8",
      "resolved": "https://registry.npmjs.org/iecstruct/-/iecstruct-0.0.8.tgz",
      "integrity": "sha1-4Ar/pelquW2RvGtXxz/1PVmXnl4="
    },
    "inherits": {
      "version": "2.0.1",
      "resolved": "https://registry.npmjs.org/inherits/-/inherits-2.0.1.tgz",
      "integrity": "sha1-sX0I0ya0Qj5Wjv9xn5GwscvfafE="
    },
    "ms": {
      "version": "2.0.0",
      "resolved": "https://registry.npmjs.org/ms/-/ms-2.0.0.tgz",
      "integrity": "sha1-VgiurfwAvmwpAd9fmGF4jeDVl8g="
    },
    "packet": {
      "version": "0.0.6",
      "resolved": "https://registry.npmjs.org/packet/-/packet-0.0.6.tgz",
      "integrity": "sha1-PKlrz2Xy2mL6NA2wkjnXnAzDDko="
    },
    "tsl-umd": {
      "version": "1.0.1",
      "resolved": "https://registry.npmjs.org/tsl-umd/-/tsl-umd-1.0.1.tgz",
      "integrity": "sha1-p/4gdlc+xkXFce/8wY0mz62QKI4=",
      "requires": {
        "debug": "2.6.9",
        "dgram": "1.0.1",
        "events": "1.1.1",
        "iecstruct": "0.0.8",
        "packet": "0.0.6",
        "util": "0.10.3"
      }
    },
    "util": {
      "version": "0.10.3",
      "resolved": "https://registry.npmjs.org/util/-/util-0.10.3.tgz",
      "integrity": "sha1-evsa/lCAUkZInj23/g7TeTNqwPk=",
      "requires": {
        "inherits": "2.0.1"
      }
    }
  }
}
